// !$*UTF8*$!
{
	archiveVersion = 1;
	classes = {
	};
	objectVersion = 56;
	objects = {

/* Begin PBXBuildFile section */
		1F0AB5FA298F38E8008D146E /* HavanaApp.swift in Sources */ = {isa = PBXBuildFile; fileRef = 1F0AB5F9298F38E8008D146E /* HavanaApp.swift */; };
		1F0AB5FE298F38E9008D146E /* Assets.xcassets in Resources */ = {isa = PBXBuildFile; fileRef = 1F0AB5FD298F38E9008D146E /* Assets.xcassets */; };
		1F1E8641299000470091362C /* Packages in Frameworks */ = {isa = PBXBuildFile; productRef = 1F1E8640299000470091362C /* Packages */; };
		1F1EA755299802DA0022D51C /* ComposableAnalyticsRecoder.swift in Sources */ = {isa = PBXBuildFile; fileRef = 1F1EA754299802DA0022D51C /* ComposableAnalyticsRecoder.swift */; };
		1FF7DBBD2993161E001245CF /* HavanaiOSAppDelegate.swift in Sources */ = {isa = PBXBuildFile; fileRef = 1FF7DBBC2993161E001245CF /* HavanaiOSAppDelegate.swift */; };
		1FF7DBC529931A7D001245CF /* EventsRecorder.swift in Sources */ = {isa = PBXBuildFile; fileRef = 1FF7DBC429931A7D001245CF /* EventsRecorder.swift */; };
		1FFA526529C76F19005FE727 /* HavanaAppReducer.swift in Sources */ = {isa = PBXBuildFile; fileRef = 1FFA526429C76F19005FE727 /* HavanaAppReducer.swift */; };
		1FFA526729C77140005FE727 /* HavanaAppView.swift in Sources */ = {isa = PBXBuildFile; fileRef = 1FFA526629C77140005FE727 /* HavanaAppView.swift */; };
/* End PBXBuildFile section */

/* Begin PBXFileReference section */
		1F0AB5F6298F38E8008D146E /* Havana.app */ = {isa = PBXFileReference; explicitFileType = wrapper.application; includeInIndex = 0; path = Havana.app; sourceTree = BUILT_PRODUCTS_DIR; };
		1F0AB5F9298F38E8008D146E /* HavanaApp.swift */ = {isa = PBXFileReference; lastKnownFileType = sourcecode.swift; path = HavanaApp.swift; sourceTree = "<group>"; };
		1F0AB5FD298F38E9008D146E /* Assets.xcassets */ = {isa = PBXFileReference; lastKnownFileType = folder.assetcatalog; path = Assets.xcassets; sourceTree = "<group>"; };
		1F0AB5FF298F38E9008D146E /* Havana.entitlements */ = {isa = PBXFileReference; lastKnownFileType = text.plist.entitlements; path = Havana.entitlements; sourceTree = "<group>"; };
		1F0AB60C298F42CD008D146E /* Packages */ = {isa = PBXFileReference; lastKnownFileType = wrapper; path = Packages; sourceTree = "<group>"; };
		1F1E864229900B9E0091362C /* Casimir */ = {isa = PBXFileReference; lastKnownFileType = wrapper; path = Casimir; sourceTree = "<group>"; };
		1F1EA754299802DA0022D51C /* ComposableAnalyticsRecoder.swift */ = {isa = PBXFileReference; lastKnownFileType = sourcecode.swift; path = ComposableAnalyticsRecoder.swift; sourceTree = "<group>"; };
		1F3D6DC829BF6EA60002BE51 /* Info.plist */ = {isa = PBXFileReference; lastKnownFileType = text.plist; path = Info.plist; sourceTree = "<group>"; };
		1F8FE0F529D4720A0038B33A /* Makefile */ = {isa = PBXFileReference; lastKnownFileType = sourcecode.make; path = Makefile; sourceTree = "<group>"; };
		1F8FE0F629D4720A0038B33A /* README.md */ = {isa = PBXFileReference; lastKnownFileType = net.daringfireball.markdown; path = README.md; sourceTree = "<group>"; };
		1F8FE0F929D4720A0038B33A /* TemplateIcon@2x.png */ = {isa = PBXFileReference; lastKnownFileType = image.png; path = "TemplateIcon@2x.png"; sourceTree = "<group>"; };
		1F8FE0FC29D4720A0038B33A /* ___VARIABLE_scene_name___Tests.swift */ = {isa = PBXFileReference; lastKnownFileType = sourcecode.swift; path = "___VARIABLE_scene_name___Tests.swift"; sourceTree = "<group>"; };
		1F8FE0FE29D4720A0038B33A /* ___VARIABLE_scene_name___Reducer.swift */ = {isa = PBXFileReference; lastKnownFileType = sourcecode.swift; path = "___VARIABLE_scene_name___Reducer.swift"; sourceTree = "<group>"; };
		1F8FE0FF29D4720A0038B33A /* ___VARIABLE_scene_name___View.swift */ = {isa = PBXFileReference; lastKnownFileType = sourcecode.swift; path = "___VARIABLE_scene_name___View.swift"; sourceTree = "<group>"; };
		1F8FE10129D4720A0038B33A /* ___VARIABLE_scene_name___Preview.swift */ = {isa = PBXFileReference; lastKnownFileType = sourcecode.swift; path = "___VARIABLE_scene_name___Preview.swift"; sourceTree = "<group>"; };
		1F8FE10229D4720A0038B33A /* TemplateIcon.png */ = {isa = PBXFileReference; lastKnownFileType = image.png; path = TemplateIcon.png; sourceTree = "<group>"; };
		1F8FE10329D4720A0038B33A /* TemplateInfo.plist */ = {isa = PBXFileReference; lastKnownFileType = text.plist.xml; path = TemplateInfo.plist; sourceTree = "<group>"; };
		1FC219A929E436A2009E84A9 /* .sourcery.yml */ = {isa = PBXFileReference; lastKnownFileType = text.yaml; path = .sourcery.yml; sourceTree = "<group>"; };
		1FF7DBBC2993161E001245CF /* HavanaiOSAppDelegate.swift */ = {isa = PBXFileReference; lastKnownFileType = sourcecode.swift; path = HavanaiOSAppDelegate.swift; sourceTree = "<group>"; };
		1FF7DBC429931A7D001245CF /* EventsRecorder.swift */ = {isa = PBXFileReference; lastKnownFileType = sourcecode.swift; path = EventsRecorder.swift; sourceTree = "<group>"; };
		1FFA526429C76F19005FE727 /* HavanaAppReducer.swift */ = {isa = PBXFileReference; lastKnownFileType = sourcecode.swift; path = HavanaAppReducer.swift; sourceTree = "<group>"; };
		1FFA526629C77140005FE727 /* HavanaAppView.swift */ = {isa = PBXFileReference; lastKnownFileType = sourcecode.swift; path = HavanaAppView.swift; sourceTree = "<group>"; };
		1FFA526A29C90377005FE727 /* .gitmodules */ = {isa = PBXFileReference; fileEncoding = 4; lastKnownFileType = text; path = .gitmodules; sourceTree = "<group>"; };
		1FFA526B29C90378005FE727 /* LICENSE */ = {isa = PBXFileReference; fileEncoding = 4; lastKnownFileType = text; path = LICENSE; sourceTree = "<group>"; };
		1FFA526C29C90379005FE727 /* .gitignore */ = {isa = PBXFileReference; fileEncoding = 4; lastKnownFileType = text; path = .gitignore; sourceTree = "<group>"; };
		1FFA526D29C90379005FE727 /* README.md */ = {isa = PBXFileReference; fileEncoding = 4; lastKnownFileType = net.daringfireball.markdown; path = README.md; sourceTree = "<group>"; };
		1FFA526E29C9037A005FE727 /* .gitattributes */ = {isa = PBXFileReference; fileEncoding = 4; lastKnownFileType = text; path = .gitattributes; sourceTree = "<group>"; };
		1FFA526F29C9037B005FE727 /* .swiftlint.yml */ = {isa = PBXFileReference; fileEncoding = 4; lastKnownFileType = text.yaml; path = .swiftlint.yml; sourceTree = "<group>"; };
/* End PBXFileReference section */

/* Begin PBXFrameworksBuildPhase section */
		1F0AB5F3298F38E8008D146E /* Frameworks */ = {
			isa = PBXFrameworksBuildPhase;
			buildActionMask = 2147483647;
			files = (
				1F1E8641299000470091362C /* Packages in Frameworks */,
			);
			runOnlyForDeploymentPostprocessing = 0;
		};
/* End PBXFrameworksBuildPhase section */

/* Begin PBXGroup section */
		1F0AB5ED298F38E8008D146E = {
			isa = PBXGroup;
			children = (
				1F1E864229900B9E0091362C /* Casimir */,
				1F0AB60C298F42CD008D146E /* Packages */,
				1F8FE0F429D4720A0038B33A /* Templates */,
				1F0AB5F8298F38E8008D146E /* Havana */,
				1FFA526E29C9037A005FE727 /* .gitattributes */,
				1FFA526C29C90379005FE727 /* .gitignore */,
				1FFA526A29C90377005FE727 /* .gitmodules */,
				1FFA526B29C90378005FE727 /* LICENSE */,
				1FFA526D29C90379005FE727 /* README.md */,
				1FFA526F29C9037B005FE727 /* .swiftlint.yml */,
				1FC219A929E436A2009E84A9 /* .sourcery.yml */,
				1F1E863F299000470091362C /* Frameworks */,
				1F0AB5F7298F38E8008D146E /* Products */,
			);
			sourceTree = "<group>";
		};
		1F0AB5F7298F38E8008D146E /* Products */ = {
			isa = PBXGroup;
			children = (
				1F0AB5F6298F38E8008D146E /* Havana.app */,
			);
			name = Products;
			sourceTree = "<group>";
		};
		1F0AB5F8298F38E8008D146E /* Havana */ = {
			isa = PBXGroup;
			children = (
				1F0AB5FF298F38E9008D146E /* Havana.entitlements */,
				1F3D6DC829BF6EA60002BE51 /* Info.plist */,
				1F0AB5FD298F38E9008D146E /* Assets.xcassets */,
				1FF7DBBF29931752001245CF /* Common */,
				1FF7DBBE2993172C001245CF /* iOS */,
				1FF7DBC029931759001245CF /* macOS */,
				1FFA526329C769F6005FE727 /* Root */,
			);
			path = Havana;
			sourceTree = "<group>";
		};
		1F1E863F299000470091362C /* Frameworks */ = {
			isa = PBXGroup;
			children = (
			);
			name = Frameworks;
			sourceTree = "<group>";
		};
		1F1EA75829980A990022D51C /* Events */ = {
			isa = PBXGroup;
			children = (
				1FF7DBC429931A7D001245CF /* EventsRecorder.swift */,
				1F1EA754299802DA0022D51C /* ComposableAnalyticsRecoder.swift */,
			);
			path = Events;
			sourceTree = "<group>";
		};
		1F8FE0F429D4720A0038B33A /* Templates */ = {
			isa = PBXGroup;
			children = (
				1F8FE0F529D4720A0038B33A /* Makefile */,
				1F8FE0F629D4720A0038B33A /* README.md */,
				1F8FE0F729D4720A0038B33A /* Templates */,
			);
			path = Templates;
			sourceTree = "<group>";
		};
		1F8FE0F729D4720A0038B33A /* Templates */ = {
			isa = PBXGroup;
			children = (
				1F8FE0F829D4720A0038B33A /* TCA Package.xctemplate */,
			);
			path = Templates;
			sourceTree = "<group>";
		};
		1F8FE0F829D4720A0038B33A /* TCA Package.xctemplate */ = {
			isa = PBXGroup;
			children = (
				1F8FE0F929D4720A0038B33A /* TemplateIcon@2x.png */,
				1F8FE0FA29D4720A0038B33A /* ___VARIABLE_scene_name___ */,
				1F8FE10229D4720A0038B33A /* TemplateIcon.png */,
				1F8FE10329D4720A0038B33A /* TemplateInfo.plist */,
			);
			path = "TCA Package.xctemplate";
			sourceTree = "<group>";
		};
		1F8FE0FA29D4720A0038B33A /* ___VARIABLE_scene_name___ */ = {
			isa = PBXGroup;
			children = (
				1F8FE0FB29D4720A0038B33A /* Tests */,
				1F8FE0FD29D4720A0038B33A /* Sources */,
				1F8FE10029D4720A0038B33A /* Preview */,
			);
			path = "___VARIABLE_scene_name___";
			sourceTree = "<group>";
		};
		1F8FE0FB29D4720A0038B33A /* Tests */ = {
			isa = PBXGroup;
			children = (
				1F8FE0FC29D4720A0038B33A /* ___VARIABLE_scene_name___Tests.swift */,
			);
			path = Tests;
			sourceTree = "<group>";
		};
		1F8FE0FD29D4720A0038B33A /* Sources */ = {
			isa = PBXGroup;
			children = (
				1F8FE0FE29D4720A0038B33A /* ___VARIABLE_scene_name___Reducer.swift */,
				1F8FE0FF29D4720A0038B33A /* ___VARIABLE_scene_name___View.swift */,
			);
			path = Sources;
			sourceTree = "<group>";
		};
		1F8FE10029D4720A0038B33A /* Preview */ = {
			isa = PBXGroup;
			children = (
				1F8FE10129D4720A0038B33A /* ___VARIABLE_scene_name___Preview.swift */,
			);
			path = Preview;
			sourceTree = "<group>";
		};
		1FF7DBBE2993172C001245CF /* iOS */ = {
			isa = PBXGroup;
			children = (
				1FF7DBBC2993161E001245CF /* HavanaiOSAppDelegate.swift */,
			);
			path = iOS;
			sourceTree = "<group>";
		};
		1FF7DBBF29931752001245CF /* Common */ = {
			isa = PBXGroup;
			children = (
				1F1EA75829980A990022D51C /* Events */,
				1F0AB5F9298F38E8008D146E /* HavanaApp.swift */,
			);
			path = Common;
			sourceTree = "<group>";
		};
		1FF7DBC029931759001245CF /* macOS */ = {
			isa = PBXGroup;
			children = (
			);
			path = macOS;
			sourceTree = "<group>";
		};
		1FFA526329C769F6005FE727 /* Root */ = {
			isa = PBXGroup;
			children = (
				1FFA526429C76F19005FE727 /* HavanaAppReducer.swift */,
				1FFA526629C77140005FE727 /* HavanaAppView.swift */,
			);
			path = Root;
			sourceTree = "<group>";
		};
/* End PBXGroup section */

/* Begin PBXNativeTarget section */
		1F0AB5F5298F38E8008D146E /* Havana */ = {
			isa = PBXNativeTarget;
			buildConfigurationList = 1F0AB605298F38E9008D146E /* Build configuration list for PBXNativeTarget "Havana" */;
			buildPhases = (
				1FFA526929C902DF005FE727 /* SwiftLint linting */,
				1FFA527629C90D43005FE727 /* SwiftLint analyzing */,
				1F0AB5F2298F38E8008D146E /* Sources */,
				1F0AB5F3298F38E8008D146E /* Frameworks */,
				1F0AB5F4298F38E8008D146E /* Resources */,
			);
			buildRules = (
			);
			dependencies = (
			);
			name = Havana;
			packageProductDependencies = (
				1F1E8640299000470091362C /* Packages */,
			);
			productName = Havana;
			productReference = 1F0AB5F6298F38E8008D146E /* Havana.app */;
			productType = "com.apple.product-type.application";
		};
/* End PBXNativeTarget section */

/* Begin PBXProject section */
		1F0AB5EE298F38E8008D146E /* Project object */ = {
			isa = PBXProject;
			attributes = {
				BuildIndependentTargetsInParallel = 1;
				LastSwiftUpdateCheck = 1420;
				LastUpgradeCheck = 1420;
				TargetAttributes = {
					1F0AB5F5298F38E8008D146E = {
						CreatedOnToolsVersion = 14.2;
					};
				};
			};
			buildConfigurationList = 1F0AB5F1298F38E8008D146E /* Build configuration list for PBXProject "Havana" */;
			compatibilityVersion = "Xcode 14.0";
			developmentRegion = en;
			hasScannedForEncodings = 0;
			knownRegions = (
				en,
				Base,
			);
			mainGroup = 1F0AB5ED298F38E8008D146E;
			productRefGroup = 1F0AB5F7298F38E8008D146E /* Products */;
			projectDirPath = "";
			projectRoot = "";
			targets = (
				1F0AB5F5298F38E8008D146E /* Havana */,
			);
		};
/* End PBXProject section */

/* Begin PBXResourcesBuildPhase section */
		1F0AB5F4298F38E8008D146E /* Resources */ = {
			isa = PBXResourcesBuildPhase;
			buildActionMask = 2147483647;
			files = (
				1F0AB5FE298F38E9008D146E /* Assets.xcassets in Resources */,
			);
			runOnlyForDeploymentPostprocessing = 0;
		};
/* End PBXResourcesBuildPhase section */

/* Begin PBXShellScriptBuildPhase section */
		1FFA526929C902DF005FE727 /* SwiftLint linting */ = {
			isa = PBXShellScriptBuildPhase;
			alwaysOutOfDate = 1;
			buildActionMask = 2147483647;
			files = (
			);
			inputFileListPaths = (
			);
			inputPaths = (
			);
			name = "SwiftLint linting";
			outputFileListPaths = (
			);
			outputPaths = (
			);
			runOnlyForDeploymentPostprocessing = 0;
			shellPath = /bin/sh;
			shellScript = "export PATH=\"$PATH:/opt/homebrew/bin\"\n\nswiftlint lint --autocorrect --format && swiftlint\n";
		};
		1FFA527629C90D43005FE727 /* SwiftLint analyzing */ = {
			isa = PBXShellScriptBuildPhase;
			buildActionMask = 2147483647;
			files = (
			);
			inputFileListPaths = (
			);
			inputPaths = (
			);
			name = "SwiftLint analyzing";
			outputFileListPaths = (
			);
			outputPaths = (
			);
			runOnlyForDeploymentPostprocessing = 0;
			shellPath = /bin/sh;
			shellScript = "#export PATH=\"$PATH:/opt/homebrew/bin\"\n\n#swiftlint analyze --compiler-log-path xcodebuild.log\n";
		};
/* End PBXShellScriptBuildPhase section */

/* Begin PBXSourcesBuildPhase section */
		1F0AB5F2298F38E8008D146E /* Sources */ = {
			isa = PBXSourcesBuildPhase;
			buildActionMask = 2147483647;
			files = (
				1F1EA755299802DA0022D51C /* ComposableAnalyticsRecoder.swift in Sources */,
				1F0AB5FA298F38E8008D146E /* HavanaApp.swift in Sources */,
				1FFA526729C77140005FE727 /* HavanaAppView.swift in Sources */,
				1FF7DBBD2993161E001245CF /* HavanaiOSAppDelegate.swift in Sources */,
				1FF7DBC529931A7D001245CF /* EventsRecorder.swift in Sources */,
				1FFA526529C76F19005FE727 /* HavanaAppReducer.swift in Sources */,
			);
			runOnlyForDeploymentPostprocessing = 0;
		};
/* End PBXSourcesBuildPhase section */

/* Begin XCBuildConfiguration section */
		1F0AB603298F38E9008D146E /* Debug */ = {
			isa = XCBuildConfiguration;
			buildSettings = {
				ALWAYS_SEARCH_USER_PATHS = NO;
				CLANG_ANALYZER_NONNULL = YES;
				CLANG_ANALYZER_NUMBER_OBJECT_CONVERSION = YES_AGGRESSIVE;
				CLANG_CXX_LANGUAGE_STANDARD = "gnu++20";
				CLANG_ENABLE_MODULES = YES;
				CLANG_ENABLE_OBJC_ARC = YES;
				CLANG_ENABLE_OBJC_WEAK = YES;
				CLANG_WARN_BLOCK_CAPTURE_AUTORELEASING = YES;
				CLANG_WARN_BOOL_CONVERSION = YES;
				CLANG_WARN_COMMA = YES;
				CLANG_WARN_CONSTANT_CONVERSION = YES;
				CLANG_WARN_DEPRECATED_OBJC_IMPLEMENTATIONS = YES;
				CLANG_WARN_DIRECT_OBJC_ISA_USAGE = YES_ERROR;
				CLANG_WARN_DOCUMENTATION_COMMENTS = YES;
				CLANG_WARN_EMPTY_BODY = YES;
				CLANG_WARN_ENUM_CONVERSION = YES;
				CLANG_WARN_INFINITE_RECURSION = YES;
				CLANG_WARN_INT_CONVERSION = YES;
				CLANG_WARN_NON_LITERAL_NULL_CONVERSION = YES;
				CLANG_WARN_OBJC_IMPLICIT_RETAIN_SELF = YES;
				CLANG_WARN_OBJC_LITERAL_CONVERSION = YES;
				CLANG_WARN_OBJC_ROOT_CLASS = YES_ERROR;
				CLANG_WARN_QUOTED_INCLUDE_IN_FRAMEWORK_HEADER = YES;
				CLANG_WARN_RANGE_LOOP_ANALYSIS = YES;
				CLANG_WARN_STRICT_PROTOTYPES = YES;
				CLANG_WARN_SUSPICIOUS_MOVE = YES;
				CLANG_WARN_UNGUARDED_AVAILABILITY = YES_AGGRESSIVE;
				CLANG_WARN_UNREACHABLE_CODE = YES;
				CLANG_WARN__DUPLICATE_METHOD_MATCH = YES;
				COPY_PHASE_STRIP = NO;
				DEBUG_INFORMATION_FORMAT = dwarf;
				ENABLE_STRICT_OBJC_MSGSEND = YES;
				ENABLE_TESTABILITY = YES;
				GCC_C_LANGUAGE_STANDARD = gnu11;
				GCC_DYNAMIC_NO_PIC = NO;
				GCC_NO_COMMON_BLOCKS = YES;
				GCC_OPTIMIZATION_LEVEL = 0;
				GCC_PREPROCESSOR_DEFINITIONS = (
					"DEBUG=1",
					"$(inherited)",
				);
				GCC_WARN_64_TO_32_BIT_CONVERSION = YES;
				GCC_WARN_ABOUT_RETURN_TYPE = YES_ERROR;
				GCC_WARN_UNDECLARED_SELECTOR = YES;
				GCC_WARN_UNINITIALIZED_AUTOS = YES_AGGRESSIVE;
				GCC_WARN_UNUSED_FUNCTION = YES;
				GCC_WARN_UNUSED_VARIABLE = YES;
				MTL_ENABLE_DEBUG_INFO = INCLUDE_SOURCE;
				MTL_FAST_MATH = YES;
				ONLY_ACTIVE_ARCH = YES;
				OTHER_SWIFT_FLAGS = "-Xfrontend -warn-long-function-bodies=100 -Xfrontend -warn-long-expression-type-checking=100";
				SWIFT_ACTIVE_COMPILATION_CONDITIONS = DEBUG;
				SWIFT_OPTIMIZATION_LEVEL = "-Onone";
			};
			name = Debug;
		};
		1F0AB604298F38E9008D146E /* Release */ = {
			isa = XCBuildConfiguration;
			buildSettings = {
				ALWAYS_SEARCH_USER_PATHS = NO;
				CLANG_ANALYZER_NONNULL = YES;
				CLANG_ANALYZER_NUMBER_OBJECT_CONVERSION = YES_AGGRESSIVE;
				CLANG_CXX_LANGUAGE_STANDARD = "gnu++20";
				CLANG_ENABLE_MODULES = YES;
				CLANG_ENABLE_OBJC_ARC = YES;
				CLANG_ENABLE_OBJC_WEAK = YES;
				CLANG_WARN_BLOCK_CAPTURE_AUTORELEASING = YES;
				CLANG_WARN_BOOL_CONVERSION = YES;
				CLANG_WARN_COMMA = YES;
				CLANG_WARN_CONSTANT_CONVERSION = YES;
				CLANG_WARN_DEPRECATED_OBJC_IMPLEMENTATIONS = YES;
				CLANG_WARN_DIRECT_OBJC_ISA_USAGE = YES_ERROR;
				CLANG_WARN_DOCUMENTATION_COMMENTS = YES;
				CLANG_WARN_EMPTY_BODY = YES;
				CLANG_WARN_ENUM_CONVERSION = YES;
				CLANG_WARN_INFINITE_RECURSION = YES;
				CLANG_WARN_INT_CONVERSION = YES;
				CLANG_WARN_NON_LITERAL_NULL_CONVERSION = YES;
				CLANG_WARN_OBJC_IMPLICIT_RETAIN_SELF = YES;
				CLANG_WARN_OBJC_LITERAL_CONVERSION = YES;
				CLANG_WARN_OBJC_ROOT_CLASS = YES_ERROR;
				CLANG_WARN_QUOTED_INCLUDE_IN_FRAMEWORK_HEADER = YES;
				CLANG_WARN_RANGE_LOOP_ANALYSIS = YES;
				CLANG_WARN_STRICT_PROTOTYPES = YES;
				CLANG_WARN_SUSPICIOUS_MOVE = YES;
				CLANG_WARN_UNGUARDED_AVAILABILITY = YES_AGGRESSIVE;
				CLANG_WARN_UNREACHABLE_CODE = YES;
				CLANG_WARN__DUPLICATE_METHOD_MATCH = YES;
				COPY_PHASE_STRIP = NO;
				DEBUG_INFORMATION_FORMAT = "dwarf-with-dsym";
				ENABLE_NS_ASSERTIONS = NO;
				ENABLE_STRICT_OBJC_MSGSEND = YES;
				GCC_C_LANGUAGE_STANDARD = gnu11;
				GCC_NO_COMMON_BLOCKS = YES;
				GCC_WARN_64_TO_32_BIT_CONVERSION = YES;
				GCC_WARN_ABOUT_RETURN_TYPE = YES_ERROR;
				GCC_WARN_UNDECLARED_SELECTOR = YES;
				GCC_WARN_UNINITIALIZED_AUTOS = YES_AGGRESSIVE;
				GCC_WARN_UNUSED_FUNCTION = YES;
				GCC_WARN_UNUSED_VARIABLE = YES;
				MTL_ENABLE_DEBUG_INFO = NO;
				MTL_FAST_MATH = YES;
				OTHER_SWIFT_FLAGS = "-Xfrontend -warn-long-function-bodies=100 -Xfrontend -warn-long-expression-type-checking=100";
				SWIFT_COMPILATION_MODE = wholemodule;
				SWIFT_OPTIMIZATION_LEVEL = "-O";
			};
			name = Release;
		};
		1F0AB606298F38E9008D146E /* Debug */ = {
			isa = XCBuildConfiguration;
			buildSettings = {
				ASSETCATALOG_COMPILER_APPICON_NAME = AppIcon;
				ASSETCATALOG_COMPILER_GLOBAL_ACCENT_COLOR_NAME = AccentColor;
				CODE_SIGN_ENTITLEMENTS = Havana/Havana.entitlements;
				CODE_SIGN_STYLE = Automatic;
				CURRENT_PROJECT_VERSION = 1;
				DEVELOPMENT_TEAM = 7CKFSV7EZ6;
				ENABLE_HARDENED_RUNTIME = YES;
				ENABLE_PREVIEWS = YES;
				GENERATE_INFOPLIST_FILE = YES;
				INFOPLIST_FILE = Havana/Info.plist;
				INFOPLIST_KEY_LSApplicationCategoryType = "public.app-category.developer-tools";
				"INFOPLIST_KEY_UIApplicationSceneManifest_Generation[sdk=iphoneos*]" = YES;
				"INFOPLIST_KEY_UIApplicationSceneManifest_Generation[sdk=iphonesimulator*]" = YES;
				"INFOPLIST_KEY_UIApplicationSupportsIndirectInputEvents[sdk=iphoneos*]" = YES;
				"INFOPLIST_KEY_UIApplicationSupportsIndirectInputEvents[sdk=iphonesimulator*]" = YES;
				"INFOPLIST_KEY_UILaunchScreen_Generation[sdk=iphoneos*]" = YES;
				"INFOPLIST_KEY_UILaunchScreen_Generation[sdk=iphonesimulator*]" = YES;
				"INFOPLIST_KEY_UIStatusBarStyle[sdk=iphoneos*]" = UIStatusBarStyleDefault;
				"INFOPLIST_KEY_UIStatusBarStyle[sdk=iphonesimulator*]" = UIStatusBarStyleDefault;
				INFOPLIST_KEY_UISupportedInterfaceOrientations_iPad = "UIInterfaceOrientationPortrait UIInterfaceOrientationPortraitUpsideDown UIInterfaceOrientationLandscapeLeft UIInterfaceOrientationLandscapeRight";
				INFOPLIST_KEY_UISupportedInterfaceOrientations_iPhone = "UIInterfaceOrientationPortrait UIInterfaceOrientationLandscapeLeft UIInterfaceOrientationLandscapeRight";
				IPHONEOS_DEPLOYMENT_TARGET = 15.0;
				LD_RUNPATH_SEARCH_PATHS = "@executable_path/Frameworks";
				"LD_RUNPATH_SEARCH_PATHS[sdk=macosx*]" = "@executable_path/../Frameworks";
				MACOSX_DEPLOYMENT_TARGET = 13.0;
				MARKETING_VERSION = 1.0;
				PRODUCT_BUNDLE_IDENTIFIER = com.przemekjablonski.Havana;
				PRODUCT_NAME = "$(TARGET_NAME)";
				SDKROOT = auto;
				SUPPORTED_PLATFORMS = "iphoneos iphonesimulator macosx";
				SWIFT_EMIT_LOC_STRINGS = YES;
				SWIFT_VERSION = 5.0;
				TARGETED_DEVICE_FAMILY = "1,2";
			};
			name = Debug;
		};
		1F0AB607298F38E9008D146E /* Release */ = {
			isa = XCBuildConfiguration;
			buildSettings = {
				ASSETCATALOG_COMPILER_APPICON_NAME = AppIcon;
				ASSETCATALOG_COMPILER_GLOBAL_ACCENT_COLOR_NAME = AccentColor;
				CODE_SIGN_ENTITLEMENTS = Havana/Havana.entitlements;
				CODE_SIGN_STYLE = Automatic;
				CURRENT_PROJECT_VERSION = 1;
				DEVELOPMENT_TEAM = 7CKFSV7EZ6;
				ENABLE_HARDENED_RUNTIME = YES;
				ENABLE_PREVIEWS = YES;
				GENERATE_INFOPLIST_FILE = YES;
				INFOPLIST_FILE = Havana/Info.plist;
				INFOPLIST_KEY_LSApplicationCategoryType = "public.app-category.developer-tools";
				"INFOPLIST_KEY_UIApplicationSceneManifest_Generation[sdk=iphoneos*]" = YES;
				"INFOPLIST_KEY_UIApplicationSceneManifest_Generation[sdk=iphonesimulator*]" = YES;
				"INFOPLIST_KEY_UIApplicationSupportsIndirectInputEvents[sdk=iphoneos*]" = YES;
				"INFOPLIST_KEY_UIApplicationSupportsIndirectInputEvents[sdk=iphonesimulator*]" = YES;
				"INFOPLIST_KEY_UILaunchScreen_Generation[sdk=iphoneos*]" = YES;
				"INFOPLIST_KEY_UILaunchScreen_Generation[sdk=iphonesimulator*]" = YES;
				"INFOPLIST_KEY_UIStatusBarStyle[sdk=iphoneos*]" = UIStatusBarStyleDefault;
				"INFOPLIST_KEY_UIStatusBarStyle[sdk=iphonesimulator*]" = UIStatusBarStyleDefault;
				INFOPLIST_KEY_UISupportedInterfaceOrientations_iPad = "UIInterfaceOrientationPortrait UIInterfaceOrientationPortraitUpsideDown UIInterfaceOrientationLandscapeLeft UIInterfaceOrientationLandscapeRight";
				INFOPLIST_KEY_UISupportedInterfaceOrientations_iPhone = "UIInterfaceOrientationPortrait UIInterfaceOrientationLandscapeLeft UIInterfaceOrientationLandscapeRight";
				IPHONEOS_DEPLOYMENT_TARGET = 15.0;
				LD_RUNPATH_SEARCH_PATHS = "@executable_path/Frameworks";
				"LD_RUNPATH_SEARCH_PATHS[sdk=macosx*]" = "@executable_path/../Frameworks";
				MACOSX_DEPLOYMENT_TARGET = 13.0;
				MARKETING_VERSION = 1.0;
				PRODUCT_BUNDLE_IDENTIFIER = com.przemekjablonski.Havana;
				PRODUCT_NAME = "$(TARGET_NAME)";
				SDKROOT = auto;
				SUPPORTED_PLATFORMS = "iphoneos iphonesimulator macosx";
				SWIFT_EMIT_LOC_STRINGS = YES;
				SWIFT_VERSION = 5.0;
				TARGETED_DEVICE_FAMILY = "1,2";
			};
			name = Release;
		};
/* End XCBuildConfiguration section */

/* Begin XCConfigurationList section */
		1F0AB5F1298F38E8008D146E /* Build configuration list for PBXProject "Havana" */ = {
			isa = XCConfigurationList;
			buildConfigurations = (
				1F0AB603298F38E9008D146E /* Debug */,
				1F0AB604298F38E9008D146E /* Release */,
			);
			defaultConfigurationIsVisible = 0;
			defaultConfigurationName = Release;
		};
		1F0AB605298F38E9008D146E /* Build configuration list for PBXNativeTarget "Havana" */ = {
			isa = XCConfigurationList;
			buildConfigurations = (
				1F0AB606298F38E9008D146E /* Debug */,
				1F0AB607298F38E9008D146E /* Release */,
			);
			defaultConfigurationIsVisible = 0;
			defaultConfigurationName = Release;
		};
/* End XCConfigurationList section */

/* Begin XCSwiftPackageProductDependency section */
		1F1E8640299000470091362C /* Packages */ = {
			isa = XCSwiftPackageProductDependency;
			productName = Packages;
		};
/* End XCSwiftPackageProductDependency section */
	};
	rootObject = 1F0AB5EE298F38E8008D146E /* Project object */;
}
